// !$*UTF8*$!
{
	archiveVersion = 1;
	classes = {
	};
	objectVersion = 56;
	objects = {

/* Begin PBXBuildFile section */
		2B62DF6E2B62F920006009CD /* EucleiaInterpreter.cpp in Sources */ = {isa = PBXBuildFile; fileRef = 2B62DF6C2B62F920006009CD /* EucleiaInterpreter.cpp */; };
		2B6617292B6DB719006D06EE /* printFibonacci.ek in Resources */ = {isa = PBXBuildFile; fileRef = 2B6617282B6DB719006D06EE /* printFibonacci.ek */; };
		2B66172D2B6DB7E1006D06EE /* README.md in Resources */ = {isa = PBXBuildFile; fileRef = 2B66172C2B6DB7E1006D06EE /* README.md */; };
		2B7CC9852B546E6400D0D335 /* EucleiaNode.cpp in Sources */ = {isa = PBXBuildFile; fileRef = 2B7CC9832B546E6400D0D335 /* EucleiaNode.cpp */; };
		2B7CC9972B54731900D0D335 /* EucleiaObject.cpp in Sources */ = {isa = PBXBuildFile; fileRef = 2B7CC9952B54731900D0D335 /* EucleiaObject.cpp */; };
		2B7CC99B2B547E1300D0D335 /* EucleiaScope.cpp in Sources */ = {isa = PBXBuildFile; fileRef = 2B7CC9992B547E1300D0D335 /* EucleiaScope.cpp */; };
		2BBD608B2B5C05110080D43C /* EucleiaParser.cpp in Sources */ = {isa = PBXBuildFile; fileRef = 2BBD60892B5C05110080D43C /* EucleiaParser.cpp */; };
		2BE417D32B59D13A000A0ED4 /* EucleiaTokenizer.cpp in Sources */ = {isa = PBXBuildFile; fileRef = 2BE417D12B59D13A000A0ED4 /* EucleiaTokenizer.cpp */; };
		2BE417D62B59D5A0000A0ED4 /* EucleiaInputStream.cpp in Sources */ = {isa = PBXBuildFile; fileRef = 2BE417D42B59D5A0000A0ED4 /* EucleiaInputStream.cpp */; };
		2BF3A73D2B012B8D001CFDC6 /* main.cpp in Sources */ = {isa = PBXBuildFile; fileRef = 2BF3A73C2B012B8D001CFDC6 /* main.cpp */; };
/* End PBXBuildFile section */

/* Begin PBXCopyFilesBuildPhase section */
		2BF3A7372B012B8D001CFDC6 /* CopyFiles */ = {
			isa = PBXCopyFilesBuildPhase;
			buildActionMask = 2147483647;
			dstPath = /usr/share/man/man1/;
			dstSubfolderSpec = 0;
			files = (
			);
			runOnlyForDeploymentPostprocessing = 1;
		};
/* End PBXCopyFilesBuildPhase section */

/* Begin PBXFileReference section */
		2B62DF6C2B62F920006009CD /* EucleiaInterpreter.cpp */ = {isa = PBXFileReference; lastKnownFileType = sourcecode.cpp.cpp; path = EucleiaInterpreter.cpp; sourceTree = "<group>"; };
		2B62DF6D2B62F920006009CD /* EucleiaInterpreter.hpp */ = {isa = PBXFileReference; lastKnownFileType = sourcecode.cpp.h; path = EucleiaInterpreter.hpp; sourceTree = "<group>"; };
		2B62DF712B66FEEA006009CD /* EucleiaUtility.hpp */ = {isa = PBXFileReference; lastKnownFileType = sourcecode.cpp.h; path = EucleiaUtility.hpp; sourceTree = "<group>"; };
		2B66171C2B6DA9D6006D06EE /* EucleiaTestTarget.xctest */ = {isa = PBXFileReference; explicitFileType = wrapper.cfbundle; includeInIndex = 0; path = EucleiaTestTarget.xctest; sourceTree = BUILT_PRODUCTS_DIR; };
		2B6617272B6DB54F006D06EE /* eucleia-formatting.plist */ = {isa = PBXFileReference; lastKnownFileType = text.plist.xml; path = "eucleia-formatting.plist"; sourceTree = "<group>"; };
		2B6617282B6DB719006D06EE /* printFibonacci.ek */ = {isa = PBXFileReference; fileEncoding = 4; lastKnownFileType = text; path = printFibonacci.ek; sourceTree = "<group>"; };
		2B66172C2B6DB7E1006D06EE /* README.md */ = {isa = PBXFileReference; fileEncoding = 4; lastKnownFileType = net.daringfireball.markdown; path = README.md; sourceTree = "<group>"; };
		2B7CC9832B546E6400D0D335 /* EucleiaNode.cpp */ = {isa = PBXFileReference; lastKnownFileType = sourcecode.cpp.cpp; path = EucleiaNode.cpp; sourceTree = "<group>"; };
		2B7CC9842B546E6400D0D335 /* EucleiaNode.hpp */ = {isa = PBXFileReference; lastKnownFileType = sourcecode.cpp.h; path = EucleiaNode.hpp; sourceTree = "<group>"; };
		2B7CC9952B54731900D0D335 /* EucleiaObject.cpp */ = {isa = PBXFileReference; lastKnownFileType = sourcecode.cpp.cpp; path = EucleiaObject.cpp; sourceTree = "<group>"; };
		2B7CC9962B54731900D0D335 /* EucleiaObject.hpp */ = {isa = PBXFileReference; lastKnownFileType = sourcecode.cpp.h; path = EucleiaObject.hpp; sourceTree = "<group>"; };
		2B7CC9992B547E1300D0D335 /* EucleiaScope.cpp */ = {isa = PBXFileReference; lastKnownFileType = sourcecode.cpp.cpp; path = EucleiaScope.cpp; sourceTree = "<group>"; };
		2B7CC99A2B547E1300D0D335 /* EucleiaScope.hpp */ = {isa = PBXFileReference; lastKnownFileType = sourcecode.cpp.h; path = EucleiaScope.hpp; sourceTree = "<group>"; };
		2BBD60892B5C05110080D43C /* EucleiaParser.cpp */ = {isa = PBXFileReference; lastKnownFileType = sourcecode.cpp.cpp; path = EucleiaParser.cpp; sourceTree = "<group>"; };
		2BBD608A2B5C05110080D43C /* EucleiaParser.hpp */ = {isa = PBXFileReference; lastKnownFileType = sourcecode.cpp.h; path = EucleiaParser.hpp; sourceTree = "<group>"; };
		2BC4B0972B25214400104C1F /* .gitignore */ = {isa = PBXFileReference; lastKnownFileType = text; path = .gitignore; sourceTree = "<group>"; };
		2BE417D12B59D13A000A0ED4 /* EucleiaTokenizer.cpp */ = {isa = PBXFileReference; lastKnownFileType = sourcecode.cpp.cpp; path = EucleiaTokenizer.cpp; sourceTree = "<group>"; };
		2BE417D22B59D13A000A0ED4 /* EucleiaTokenizer.hpp */ = {isa = PBXFileReference; lastKnownFileType = sourcecode.cpp.h; path = EucleiaTokenizer.hpp; sourceTree = "<group>"; };
		2BE417D42B59D5A0000A0ED4 /* EucleiaInputStream.cpp */ = {isa = PBXFileReference; lastKnownFileType = sourcecode.cpp.cpp; path = EucleiaInputStream.cpp; sourceTree = "<group>"; };
		2BE417D52B59D5A0000A0ED4 /* EucleiaInputStream.hpp */ = {isa = PBXFileReference; lastKnownFileType = sourcecode.cpp.h; path = EucleiaInputStream.hpp; sourceTree = "<group>"; };
		2BF3A7392B012B8D001CFDC6 /* Eucleia */ = {isa = PBXFileReference; explicitFileType = "compiled.mach-o.executable"; includeInIndex = 0; path = Eucleia; sourceTree = BUILT_PRODUCTS_DIR; };
		2BF3A73C2B012B8D001CFDC6 /* main.cpp */ = {isa = PBXFileReference; lastKnownFileType = sourcecode.cpp.cpp; path = main.cpp; sourceTree = "<group>"; };
/* End PBXFileReference section */

/* Begin PBXFrameworksBuildPhase section */
		2B6617192B6DA9D6006D06EE /* Frameworks */ = {
			isa = PBXFrameworksBuildPhase;
			buildActionMask = 2147483647;
			files = (
			);
			runOnlyForDeploymentPostprocessing = 0;
		};
		2BF3A7362B012B8D001CFDC6 /* Frameworks */ = {
			isa = PBXFrameworksBuildPhase;
			buildActionMask = 2147483647;
			files = (
			);
			runOnlyForDeploymentPostprocessing = 0;
		};
/* End PBXFrameworksBuildPhase section */

/* Begin PBXGroup section */
		2B6617132B6DA68C006D06EE /* src */ = {
			isa = PBXGroup;
			children = (
				2BF3A73C2B012B8D001CFDC6 /* main.cpp */,
				2B7CC9952B54731900D0D335 /* EucleiaObject.cpp */,
				2B7CC9832B546E6400D0D335 /* EucleiaNode.cpp */,
				2B7CC9992B547E1300D0D335 /* EucleiaScope.cpp */,
				2B62DF6C2B62F920006009CD /* EucleiaInterpreter.cpp */,
				2BBD60892B5C05110080D43C /* EucleiaParser.cpp */,
				2BE417D12B59D13A000A0ED4 /* EucleiaTokenizer.cpp */,
				2BE417D42B59D5A0000A0ED4 /* EucleiaInputStream.cpp */,
			);
			path = src;
			sourceTree = "<group>";
		};
		2B6617142B6DA6A0006D06EE /* include */ = {
			isa = PBXGroup;
			children = (
				2B7CC9962B54731900D0D335 /* EucleiaObject.hpp */,
				2B7CC9842B546E6400D0D335 /* EucleiaNode.hpp */,
				2B7CC99A2B547E1300D0D335 /* EucleiaScope.hpp */,
				2B62DF6D2B62F920006009CD /* EucleiaInterpreter.hpp */,
				2BBD608A2B5C05110080D43C /* EucleiaParser.hpp */,
				2BE417D22B59D13A000A0ED4 /* EucleiaTokenizer.hpp */,
				2BE417D52B59D5A0000A0ED4 /* EucleiaInputStream.hpp */,
				2B62DF712B66FEEA006009CD /* EucleiaUtility.hpp */,
			);
			path = include;
			sourceTree = "<group>";
		};
		2B6617162B6DA839006D06EE /* examples */ = {
			isa = PBXGroup;
			children = (
				2B6617282B6DB719006D06EE /* printFibonacci.ek */,
			);
			path = examples;
			sourceTree = "<group>";
		};
		2BF3A7302B012B8D001CFDC6 = {
			isa = PBXGroup;
			children = (
				2BC4B0972B25214400104C1F /* .gitignore */,
				2B66172C2B6DB7E1006D06EE /* README.md */,
				2B6617272B6DB54F006D06EE /* eucleia-formatting.plist */,
				2B6617132B6DA68C006D06EE /* src */,
				2B6617142B6DA6A0006D06EE /* include */,
				2B6617162B6DA839006D06EE /* examples */,
				2BF3A73A2B012B8D001CFDC6 /* Products */,
			);
			sourceTree = "<group>";
		};
		2BF3A73A2B012B8D001CFDC6 /* Products */ = {
			isa = PBXGroup;
			children = (
				2BF3A7392B012B8D001CFDC6 /* Eucleia */,
				2B66171C2B6DA9D6006D06EE /* EucleiaTestTarget.xctest */,
			);
			name = Products;
			sourceTree = "<group>";
		};
/* End PBXGroup section */

/* Begin PBXNativeTarget section */
		2B66171B2B6DA9D6006D06EE /* EucleiaTestTarget */ = {
			isa = PBXNativeTarget;
			buildConfigurationList = 2B6617202B6DA9D6006D06EE /* Build configuration list for PBXNativeTarget "EucleiaTestTarget" */;
			buildPhases = (
				2B6617182B6DA9D6006D06EE /* Sources */,
				2B6617192B6DA9D6006D06EE /* Frameworks */,
				2B66171A2B6DA9D6006D06EE /* Resources */,
			);
			buildRules = (
			);
			dependencies = (
			);
			name = EucleiaTestTarget;
			productName = EucleiaTestTarget;
			productReference = 2B66171C2B6DA9D6006D06EE /* EucleiaTestTarget.xctest */;
			productType = "com.apple.product-type.bundle.unit-test";
		};
		2BF3A7382B012B8D001CFDC6 /* Eucleia */ = {
			isa = PBXNativeTarget;
			buildConfigurationList = 2BF3A7402B012B8D001CFDC6 /* Build configuration list for PBXNativeTarget "Eucleia" */;
			buildPhases = (
				2BF3A7352B012B8D001CFDC6 /* Sources */,
				2BF3A7362B012B8D001CFDC6 /* Frameworks */,
				2BF3A7372B012B8D001CFDC6 /* CopyFiles */,
			);
			buildRules = (
			);
			dependencies = (
			);
			name = Eucleia;
			productName = WarpC;
			productReference = 2BF3A7392B012B8D001CFDC6 /* Eucleia */;
			productType = "com.apple.product-type.tool";
		};
/* End PBXNativeTarget section */

/* Begin PBXProject section */
		2BF3A7312B012B8D001CFDC6 /* Project object */ = {
			isa = PBXProject;
			attributes = {
				BuildIndependentTargetsInParallel = 1;
				LastUpgradeCheck = 1520;
				TargetAttributes = {
					2B66171B2B6DA9D6006D06EE = {
						CreatedOnToolsVersion = 15.2;
					};
					2BF3A7382B012B8D001CFDC6 = {
						CreatedOnToolsVersion = 15.0.1;
					};
				};
			};
			buildConfigurationList = 2BF3A7342B012B8D001CFDC6 /* Build configuration list for PBXProject "Eucleia" */;
			compatibilityVersion = "Xcode 14.0";
			developmentRegion = en;
			hasScannedForEncodings = 0;
			knownRegions = (
				en,
				Base,
			);
			mainGroup = 2BF3A7302B012B8D001CFDC6;
			productRefGroup = 2BF3A73A2B012B8D001CFDC6 /* Products */;
			projectDirPath = "";
			projectRoot = "";
			targets = (
				2BF3A7382B012B8D001CFDC6 /* Eucleia */,
				2B66171B2B6DA9D6006D06EE /* EucleiaTestTarget */,
			);
		};
/* End PBXProject section */

/* Begin PBXResourcesBuildPhase section */
		2B66171A2B6DA9D6006D06EE /* Resources */ = {
			isa = PBXResourcesBuildPhase;
			buildActionMask = 2147483647;
			files = (
				2B66172D2B6DB7E1006D06EE /* README.md in Resources */,
				2B6617292B6DB719006D06EE /* printFibonacci.ek in Resources */,
			);
			runOnlyForDeploymentPostprocessing = 0;
		};
/* End PBXResourcesBuildPhase section */

/* Begin PBXSourcesBuildPhase section */
		2B6617182B6DA9D6006D06EE /* Sources */ = {
			isa = PBXSourcesBuildPhase;
			buildActionMask = 2147483647;
			files = (
			);
			runOnlyForDeploymentPostprocessing = 0;
		};
		2BF3A7352B012B8D001CFDC6 /* Sources */ = {
			isa = PBXSourcesBuildPhase;
			buildActionMask = 2147483647;
			files = (
				2B7CC9852B546E6400D0D335 /* EucleiaNode.cpp in Sources */,
				2BE417D62B59D5A0000A0ED4 /* EucleiaInputStream.cpp in Sources */,
				2BBD608B2B5C05110080D43C /* EucleiaParser.cpp in Sources */,
				2BE417D32B59D13A000A0ED4 /* EucleiaTokenizer.cpp in Sources */,
				2B62DF6E2B62F920006009CD /* EucleiaInterpreter.cpp in Sources */,
				2B7CC99B2B547E1300D0D335 /* EucleiaScope.cpp in Sources */,
				2BF3A73D2B012B8D001CFDC6 /* main.cpp in Sources */,
				2B7CC9972B54731900D0D335 /* EucleiaObject.cpp in Sources */,
			);
			runOnlyForDeploymentPostprocessing = 0;
		};
/* End PBXSourcesBuildPhase section */

/* Begin XCBuildConfiguration section */
		2B6617212B6DA9D6006D06EE /* Debug */ = {
			isa = XCBuildConfiguration;
			buildSettings = {
				CODE_SIGN_STYLE = Automatic;
				CURRENT_PROJECT_VERSION = 1;
				DEVELOPMENT_TEAM = 3MQSNHUL87;
				GENERATE_INFOPLIST_FILE = YES;
				IPHONEOS_DEPLOYMENT_TARGET = 17.2;
				MACOSX_DEPLOYMENT_TARGET = 14.2;
				MARKETING_VERSION = 1.0;
				PRODUCT_BUNDLE_IDENTIFIER = Edward.EucleiaTestTarget;
				PRODUCT_NAME = "$(TARGET_NAME)";
				SDKROOT = auto;
				SUPPORTED_PLATFORMS = "iphoneos iphonesimulator macosx";
				SWIFT_EMIT_LOC_STRINGS = NO;
				TARGETED_DEVICE_FAMILY = "1,2";
			};
			name = Debug;
		};
		2B6617222B6DA9D6006D06EE /* Release */ = {
			isa = XCBuildConfiguration;
			buildSettings = {
				CODE_SIGN_STYLE = Automatic;
				CURRENT_PROJECT_VERSION = 1;
				DEVELOPMENT_TEAM = 3MQSNHUL87;
				GENERATE_INFOPLIST_FILE = YES;
				IPHONEOS_DEPLOYMENT_TARGET = 17.2;
				MACOSX_DEPLOYMENT_TARGET = 14.2;
				MARKETING_VERSION = 1.0;
				PRODUCT_BUNDLE_IDENTIFIER = Edward.EucleiaTestTarget;
				PRODUCT_NAME = "$(TARGET_NAME)";
				SDKROOT = auto;
				SUPPORTED_PLATFORMS = "iphoneos iphonesimulator macosx";
				SWIFT_EMIT_LOC_STRINGS = NO;
				TARGETED_DEVICE_FAMILY = "1,2";
			};
			name = Release;
		};
		2BF3A73E2B012B8D001CFDC6 /* Debug */ = {
			isa = XCBuildConfiguration;
			buildSettings = {
				ALWAYS_SEARCH_USER_PATHS = NO;
				ASSETCATALOG_COMPILER_GENERATE_SWIFT_ASSET_SYMBOL_EXTENSIONS = YES;
				CLANG_ANALYZER_NONNULL = YES;
				CLANG_ANALYZER_NUMBER_OBJECT_CONVERSION = YES_AGGRESSIVE;
				CLANG_CXX_LANGUAGE_STANDARD = "gnu++20";
				CLANG_ENABLE_MODULES = YES;
				CLANG_ENABLE_OBJC_ARC = YES;
				CLANG_ENABLE_OBJC_WEAK = YES;
				CLANG_WARN_BLOCK_CAPTURE_AUTORELEASING = YES;
				CLANG_WARN_BOOL_CONVERSION = YES;
				CLANG_WARN_COMMA = YES;
				CLANG_WARN_CONSTANT_CONVERSION = YES;
				CLANG_WARN_DEPRECATED_OBJC_IMPLEMENTATIONS = YES;
				CLANG_WARN_DIRECT_OBJC_ISA_USAGE = YES_ERROR;
				CLANG_WARN_DOCUMENTATION_COMMENTS = YES;
				CLANG_WARN_EMPTY_BODY = YES;
				CLANG_WARN_ENUM_CONVERSION = YES;
				CLANG_WARN_INFINITE_RECURSION = YES;
				CLANG_WARN_INT_CONVERSION = YES;
				CLANG_WARN_NON_LITERAL_NULL_CONVERSION = YES;
				CLANG_WARN_OBJC_IMPLICIT_RETAIN_SELF = YES;
				CLANG_WARN_OBJC_LITERAL_CONVERSION = YES;
				CLANG_WARN_OBJC_ROOT_CLASS = YES_ERROR;
				CLANG_WARN_QUOTED_INCLUDE_IN_FRAMEWORK_HEADER = YES;
				CLANG_WARN_RANGE_LOOP_ANALYSIS = YES;
				CLANG_WARN_STRICT_PROTOTYPES = YES;
				CLANG_WARN_SUSPICIOUS_MOVE = YES;
				CLANG_WARN_UNGUARDED_AVAILABILITY = YES_AGGRESSIVE;
				CLANG_WARN_UNREACHABLE_CODE = YES;
				CLANG_WARN__DUPLICATE_METHOD_MATCH = YES;
				COPY_PHASE_STRIP = NO;
				DEAD_CODE_STRIPPING = YES;
				DEBUG_INFORMATION_FORMAT = dwarf;
				ENABLE_STRICT_OBJC_MSGSEND = YES;
				ENABLE_TESTABILITY = YES;
				ENABLE_USER_SCRIPT_SANDBOXING = YES;
				GCC_C_LANGUAGE_STANDARD = gnu17;
				GCC_DYNAMIC_NO_PIC = NO;
				GCC_NO_COMMON_BLOCKS = YES;
				GCC_OPTIMIZATION_LEVEL = 0;
				GCC_PREPROCESSOR_DEFINITIONS = (
					"DEBUG=1",
					"$(inherited)",
				);
				GCC_WARN_64_TO_32_BIT_CONVERSION = YES;
				GCC_WARN_ABOUT_RETURN_TYPE = YES_ERROR;
				GCC_WARN_UNDECLARED_SELECTOR = YES;
				GCC_WARN_UNINITIALIZED_AUTOS = YES_AGGRESSIVE;
				GCC_WARN_UNUSED_FUNCTION = YES;
				GCC_WARN_UNUSED_VARIABLE = YES;
				LOCALIZATION_PREFERS_STRING_CATALOGS = YES;
				MACOSX_DEPLOYMENT_TARGET = 14.0;
				MTL_ENABLE_DEBUG_INFO = INCLUDE_SOURCE;
				MTL_FAST_MATH = YES;
				ONLY_ACTIVE_ARCH = YES;
				SDKROOT = macosx;
			};
			name = Debug;
		};
		2BF3A73F2B012B8D001CFDC6 /* Release */ = {
			isa = XCBuildConfiguration;
			buildSettings = {
				ALWAYS_SEARCH_USER_PATHS = NO;
				ASSETCATALOG_COMPILER_GENERATE_SWIFT_ASSET_SYMBOL_EXTENSIONS = YES;
				CLANG_ANALYZER_NONNULL = YES;
				CLANG_ANALYZER_NUMBER_OBJECT_CONVERSION = YES_AGGRESSIVE;
				CLANG_CXX_LANGUAGE_STANDARD = "gnu++20";
				CLANG_ENABLE_MODULES = YES;
				CLANG_ENABLE_OBJC_ARC = YES;
				CLANG_ENABLE_OBJC_WEAK = YES;
				CLANG_WARN_BLOCK_CAPTURE_AUTORELEASING = YES;
				CLANG_WARN_BOOL_CONVERSION = YES;
				CLANG_WARN_COMMA = YES;
				CLANG_WARN_CONSTANT_CONVERSION = YES;
				CLANG_WARN_DEPRECATED_OBJC_IMPLEMENTATIONS = YES;
				CLANG_WARN_DIRECT_OBJC_ISA_USAGE = YES_ERROR;
				CLANG_WARN_DOCUMENTATION_COMMENTS = YES;
				CLANG_WARN_EMPTY_BODY = YES;
				CLANG_WARN_ENUM_CONVERSION = YES;
				CLANG_WARN_INFINITE_RECURSION = YES;
				CLANG_WARN_INT_CONVERSION = YES;
				CLANG_WARN_NON_LITERAL_NULL_CONVERSION = YES;
				CLANG_WARN_OBJC_IMPLICIT_RETAIN_SELF = YES;
				CLANG_WARN_OBJC_LITERAL_CONVERSION = YES;
				CLANG_WARN_OBJC_ROOT_CLASS = YES_ERROR;
				CLANG_WARN_QUOTED_INCLUDE_IN_FRAMEWORK_HEADER = YES;
				CLANG_WARN_RANGE_LOOP_ANALYSIS = YES;
				CLANG_WARN_STRICT_PROTOTYPES = YES;
				CLANG_WARN_SUSPICIOUS_MOVE = YES;
				CLANG_WARN_UNGUARDED_AVAILABILITY = YES_AGGRESSIVE;
				CLANG_WARN_UNREACHABLE_CODE = YES;
				CLANG_WARN__DUPLICATE_METHOD_MATCH = YES;
				COPY_PHASE_STRIP = NO;
				DEAD_CODE_STRIPPING = YES;
				DEBUG_INFORMATION_FORMAT = "dwarf-with-dsym";
				ENABLE_NS_ASSERTIONS = NO;
				ENABLE_STRICT_OBJC_MSGSEND = YES;
				ENABLE_USER_SCRIPT_SANDBOXING = YES;
				GCC_C_LANGUAGE_STANDARD = gnu17;
				GCC_NO_COMMON_BLOCKS = YES;
				GCC_WARN_64_TO_32_BIT_CONVERSION = YES;
				GCC_WARN_ABOUT_RETURN_TYPE = YES_ERROR;
				GCC_WARN_UNDECLARED_SELECTOR = YES;
				GCC_WARN_UNINITIALIZED_AUTOS = YES_AGGRESSIVE;
				GCC_WARN_UNUSED_FUNCTION = YES;
				GCC_WARN_UNUSED_VARIABLE = YES;
				LOCALIZATION_PREFERS_STRING_CATALOGS = YES;
				MACOSX_DEPLOYMENT_TARGET = 14.0;
				MTL_ENABLE_DEBUG_INFO = NO;
				MTL_FAST_MATH = YES;
				SDKROOT = macosx;
			};
			name = Release;
		};
		2BF3A7412B012B8D001CFDC6 /* Debug */ = {
			isa = XCBuildConfiguration;
			buildSettings = {
				CODE_SIGN_STYLE = Automatic;
				DEAD_CODE_STRIPPING = YES;
				DEVELOPMENT_TEAM = 3MQSNHUL87;
				ENABLE_HARDENED_RUNTIME = YES;
				PRODUCT_NAME = "$(TARGET_NAME)";
			};
			name = Debug;
		};
		2BF3A7422B012B8D001CFDC6 /* Release */ = {
			isa = XCBuildConfiguration;
			buildSettings = {
				CODE_SIGN_STYLE = Automatic;
				DEAD_CODE_STRIPPING = YES;
				DEVELOPMENT_TEAM = 3MQSNHUL87;
				ENABLE_HARDENED_RUNTIME = YES;
				PRODUCT_NAME = "$(TARGET_NAME)";
			};
			name = Release;
		};
/* End XCBuildConfiguration section */

/* Begin XCConfigurationList section */
		2B6617202B6DA9D6006D06EE /* Build configuration list for PBXNativeTarget "EucleiaTestTarget" */ = {
			isa = XCConfigurationList;
			buildConfigurations = (
				2B6617212B6DA9D6006D06EE /* Debug */,
				2B6617222B6DA9D6006D06EE /* Release */,
			);
			defaultConfigurationIsVisible = 0;
			defaultConfigurationName = Release;
		};
		2BF3A7342B012B8D001CFDC6 /* Build configuration list for PBXProject "Eucleia" */ = {
			isa = XCConfigurationList;
			buildConfigurations = (
				2BF3A73E2B012B8D001CFDC6 /* Debug */,
				2BF3A73F2B012B8D001CFDC6 /* Release */,
			);
			defaultConfigurationIsVisible = 0;
			defaultConfigurationName = Release;
		};
		2BF3A7402B012B8D001CFDC6 /* Build configuration list for PBXNativeTarget "Eucleia" */ = {
			isa = XCConfigurationList;
			buildConfigurations = (
				2BF3A7412B012B8D001CFDC6 /* Debug */,
				2BF3A7422B012B8D001CFDC6 /* Release */,
			);
			defaultConfigurationIsVisible = 0;
			defaultConfigurationName = Release;
		};
/* End XCConfigurationList section */
	};
	rootObject = 2BF3A7312B012B8D001CFDC6 /* Project object */;
}
